
Microsoft Visual Studio Solution File, Format Version 12.00
# Visual Studio 14
VisualStudioVersion = 14.0.23107.0
MinimumVisualStudioVersion = 10.0.40219.1
Project("{FAE04EC0-301F-11D3-BF4B-00C04F79EFBC}") = "Autofac.Extras.Ordering", "Autofac.Extras.Ordering\Autofac.Extras.Ordering.csproj", "{45A65713-6056-4ED4-8B11-1AC4AF51C6CF}"
EndProject
Project("{2150E333-8FDC-42A3-9474-1A3956D46DE8}") = "Documents", "Documents", "{04FBCB7F-0B89-4B99-8E37-285E6F697E4F}"
	ProjectSection(SolutionItems) = preProject
		.gitignore = .gitignore
		LICENSE = LICENSE
		README.md = README.md
	EndProjectSection
EndProject
Project("{FAE04EC0-301F-11D3-BF4B-00C04F79EFBC}") = "Unit.Tests", "Unit.Tests\Unit.Tests.csproj", "{F4C42080-DCD0-4169-B919-4645B03B7039}"
EndProject
Project("{E09DD79A-4488-4AB9-8D3F-A7EEE78BF432}") = "Autofac.Extras.Ordering.Package", "Autofac.Extras.Ordering.Package\Autofac.Extras.Ordering.Package.nuproj", "{1E1F9218-AB51-4CBA-AB52-7A3D8959B87D}"
EndProject
Project("{2150E333-8FDC-42A3-9474-1A3956D46DE8}") = ".build", ".build", "{A5E7488F-E3B7-4D25-9F65-8008439FE913}"
EndProject
Project("{2150E333-8FDC-42A3-9474-1A3956D46DE8}") = "NuBuild", "NuBuild", "{6F2DBA9A-E136-45DF-9FDB-1C6265E0A79C}"
EndProject
Project("{2150E333-8FDC-42A3-9474-1A3956D46DE8}") = "v1", "v1", "{301CC29D-A357-4B40-92D9-D187DFD02044}"
	ProjectSection(SolutionItems) = preProject
		.build\NuBuild\v1\NuBuild.Core.dll = .build\NuBuild\v1\NuBuild.Core.dll
		.build\NuBuild\v1\NuBuild.MSBuild.Tasks.dll = .build\NuBuild\v1\NuBuild.MSBuild.Tasks.dll
		.build\NuBuild\v1\NuBuild.targets = .build\NuBuild\v1\NuBuild.targets
		.build\NuBuild\v1\NuBuild.tasks = .build\NuBuild\v1\NuBuild.tasks
		.build\NuBuild\v1\NuGet.Core.dll = .build\NuBuild\v1\NuGet.Core.dll
	EndProjectSection
EndProject
Global
	GlobalSection(SolutionConfigurationPlatforms) = preSolution
		Debug|Any CPU = Debug|Any CPU
		Package|Any CPU = Package|Any CPU
		Release|Any CPU = Release|Any CPU
	EndGlobalSection
	GlobalSection(ProjectConfigurationPlatforms) = postSolution
		{45A65713-6056-4ED4-8B11-1AC4AF51C6CF}.Debug|Any CPU.ActiveCfg = Debug|Any CPU
		{45A65713-6056-4ED4-8B11-1AC4AF51C6CF}.Debug|Any CPU.Build.0 = Debug|Any CPU
		{45A65713-6056-4ED4-8B11-1AC4AF51C6CF}.Package|Any CPU.ActiveCfg = Package|Any CPU
		{45A65713-6056-4ED4-8B11-1AC4AF51C6CF}.Package|Any CPU.Build.0 = Package|Any CPU
		{45A65713-6056-4ED4-8B11-1AC4AF51C6CF}.Release|Any CPU.ActiveCfg = Release|Any CPU
		{45A65713-6056-4ED4-8B11-1AC4AF51C6CF}.Release|Any CPU.Build.0 = Release|Any CPU
		{F4C42080-DCD0-4169-B919-4645B03B7039}.Debug|Any CPU.ActiveCfg = Debug|Any CPU
		{F4C42080-DCD0-4169-B919-4645B03B7039}.Debug|Any CPU.Build.0 = Debug|Any CPU
		{F4C42080-DCD0-4169-B919-4645B03B7039}.Package|Any CPU.ActiveCfg = Package|Any CPU
		{F4C42080-DCD0-4169-B919-4645B03B7039}.Package|Any CPU.Build.0 = Package|Any CPU
		{F4C42080-DCD0-4169-B919-4645B03B7039}.Release|Any CPU.ActiveCfg = Release|Any CPU
		{F4C42080-DCD0-4169-B919-4645B03B7039}.Release|Any CPU.Build.0 = Release|Any CPU
		{1E1F9218-AB51-4CBA-AB52-7A3D8959B87D}.Debug|Any CPU.ActiveCfg = Debug|Any CPU
		{1E1F9218-AB51-4CBA-AB52-7A3D8959B87D}.Package|Any CPU.ActiveCfg = Package|Any CPU
		{1E1F9218-AB51-4CBA-AB52-7A3D8959B87D}.Package|Any CPU.Build.0 = Package|Any CPU
		{1E1F9218-AB51-4CBA-AB52-7A3D8959B87D}.Release|Any CPU.ActiveCfg = Release|Any CPU
	EndGlobalSection
	GlobalSection(SolutionProperties) = preSolution
		HideSolutionNode = FALSE
	EndGlobalSection
	GlobalSection(NestedProjects) = preSolution
		{6F2DBA9A-E136-45DF-9FDB-1C6265E0A79C} = {A5E7488F-E3B7-4D25-9F65-8008439FE913}
		{301CC29D-A357-4B40-92D9-D187DFD02044} = {6F2DBA9A-E136-45DF-9FDB-1C6265E0A79C}
	EndGlobalSection
EndGlobal
