
Microsoft Visual Studio Solution File, Format Version 12.00
# Visual Studio Version 16
VisualStudioVersion = 16.0.31402.337
MinimumVisualStudioVersion = 10.0.40219.1
Project("{9A19103F-16F7-4668-BE54-9A1E7A4F7556}") = "Autofac.Extras.Ordering", "Autofac.Extras.Ordering\Autofac.Extras.Ordering.csproj", "{45A65713-6056-4ED4-8B11-1AC4AF51C6CF}"
EndProject
Project("{9A19103F-16F7-4668-BE54-9A1E7A4F7556}") = "Unit.Tests", "Unit.Tests\Unit.Tests.csproj", "{F4C42080-DCD0-4169-B919-4645B03B7039}"
EndProject
Project("{2150E333-8FDC-42A3-9474-1A3956D46DE8}") = "Solution Items", "Solution Items", "{C48A6072-B5BB-4DED-80E2-D2F998E1C531}"
	ProjectSection(SolutionItems) = preProject
		..\.gitignore = ..\.gitignore
		..\appveyor.yml = ..\appveyor.yml
		..\CHANGELOG.md = ..\CHANGELOG.md
		..\LICENSE = ..\LICENSE
		..\README.md = ..\README.md
	EndProjectSection
EndProject
Global
	GlobalSection(SolutionConfigurationPlatforms) = preSolution
		Debug|Any CPU = Debug|Any CPU
		Release|Any CPU = Release|Any CPU
	EndGlobalSection
	GlobalSection(ProjectConfigurationPlatforms) = postSolution
		{45A65713-6056-4ED4-8B11-1AC4AF51C6CF}.Debug|Any CPU.ActiveCfg = Debug|Any CPU
		{45A65713-6056-4ED4-8B11-1AC4AF51C6CF}.Debug|Any CPU.Build.0 = Debug|Any CPU
		{45A65713-6056-4ED4-8B11-1AC4AF51C6CF}.Release|Any CPU.ActiveCfg = Release|Any CPU
		{45A65713-6056-4ED4-8B11-1AC4AF51C6CF}.Release|Any CPU.Build.0 = Release|Any CPU
		{F4C42080-DCD0-4169-B919-4645B03B7039}.Debug|Any CPU.ActiveCfg = Debug|Any CPU
		{F4C42080-DCD0-4169-B919-4645B03B7039}.Debug|Any CPU.Build.0 = Debug|Any CPU
		{F4C42080-DCD0-4169-B919-4645B03B7039}.Release|Any CPU.ActiveCfg = Release|Any CPU
		{F4C42080-DCD0-4169-B919-4645B03B7039}.Release|Any CPU.Build.0 = Release|Any CPU
	EndGlobalSection
	GlobalSection(SolutionProperties) = preSolution
		HideSolutionNode = FALSE
	EndGlobalSection
	GlobalSection(ExtensibilityGlobals) = postSolution
		SolutionGuid = {617EB233-6DCF-45F1-834D-DB83AF726930}
	EndGlobalSection
EndGlobal
